
Microsoft Visual Studio Solution File, Format Version 12.00
# Visual Studio Version 17
VisualStudioVersion = 17.5.33627.172
MinimumVisualStudioVersion = 10.0.40219.1
Project("{2150E333-8FDC-42A3-9474-1A3956D46DE8}") = "src", "src", "{3FA847C9-E766-4B24-AE4A-DA728E1BBD91}"
EndProject
Project("{2150E333-8FDC-42A3-9474-1A3956D46DE8}") = "API", "API", "{D2BC2504-9FE9-4F1C-BA53-ADA4DB3DF772}"
EndProject
Project("{9A19103F-16F7-4668-BE54-9A1E7A4F7556}") = "Account.API", "API\Account.API\Account.API.csproj", "{45145438-3653-4F51-A0E2-73E7A29DE574}"
EndProject
Project("{2150E333-8FDC-42A3-9474-1A3956D46DE8}") = "core", "core", "{5F2BCAA0-F562-4092-9816-E2242B800A0F}"
EndProject
Project("{9A19103F-16F7-4668-BE54-9A1E7A4F7556}") = "Account.Application", "core\Account.Application\Account.Application.csproj", "{9C86CB9D-F086-4475-99F9-6EED53529366}"
EndProject
Project("{2150E333-8FDC-42A3-9474-1A3956D46DE8}") = "Infrastructure", "Infrastructure", "{676EFCB1-E558-4450-AF3D-8E7E47F75C3C}"
EndProject
Project("{9A19103F-16F7-4668-BE54-9A1E7A4F7556}") = "Account.Infrastructure", "Account.Infrastructure\Account.Infrastructure.csproj", "{023C4B19-B35D-491C-8077-51F1C3630EC7}"
EndProject
Project("{9A19103F-16F7-4668-BE54-9A1E7A4F7556}") = "Account.Domain", "Account.Domain\Account.Domain.csproj", "{77298E6E-FE4A-4040-A926-65C73A75C266}"
EndProject
Project("{2150E333-8FDC-42A3-9474-1A3956D46DE8}") = "Tests", "Tests", "{15AF737F-15B0-445B-9533-7AB44AB593E6}"
EndProject
Project("{9A19103F-16F7-4668-BE54-9A1E7A4F7556}") = "Account.UnitTests", "Tests\Account.UnitTests\Account.UnitTests.csproj", "{EEBF4736-F0E7-498C-9B33-AE9E164C0276}"
EndProject
Project("{FAE04EC0-301F-11D3-BF4B-00C04F79EFBC}") = "Account.IntegrationTests", "Account.IntegrationTests\Account.IntegrationTests.csproj", "{9F7BD124-6503-4E69-A908-3038CE38EF19}"
EndProject
Global
	GlobalSection(SolutionConfigurationPlatforms) = preSolution
		Debug|Any CPU = Debug|Any CPU
		Release|Any CPU = Release|Any CPU
	EndGlobalSection
	GlobalSection(ProjectConfigurationPlatforms) = postSolution
		{45145438-3653-4F51-A0E2-73E7A29DE574}.Debug|Any CPU.ActiveCfg = Debug|Any CPU
		{45145438-3653-4F51-A0E2-73E7A29DE574}.Debug|Any CPU.Build.0 = Debug|Any CPU
		{45145438-3653-4F51-A0E2-73E7A29DE574}.Release|Any CPU.ActiveCfg = Release|Any CPU
		{45145438-3653-4F51-A0E2-73E7A29DE574}.Release|Any CPU.Build.0 = Release|Any CPU
		{9C86CB9D-F086-4475-99F9-6EED53529366}.Debug|Any CPU.ActiveCfg = Debug|Any CPU
		{9C86CB9D-F086-4475-99F9-6EED53529366}.Debug|Any CPU.Build.0 = Debug|Any CPU
		{9C86CB9D-F086-4475-99F9-6EED53529366}.Release|Any CPU.ActiveCfg = Release|Any CPU
		{9C86CB9D-F086-4475-99F9-6EED53529366}.Release|Any CPU.Build.0 = Release|Any CPU
		{023C4B19-B35D-491C-8077-51F1C3630EC7}.Debug|Any CPU.ActiveCfg = Debug|Any CPU
		{023C4B19-B35D-491C-8077-51F1C3630EC7}.Debug|Any CPU.Build.0 = Debug|Any CPU
		{023C4B19-B35D-491C-8077-51F1C3630EC7}.Release|Any CPU.ActiveCfg = Release|Any CPU
		{023C4B19-B35D-491C-8077-51F1C3630EC7}.Release|Any CPU.Build.0 = Release|Any CPU
		{77298E6E-FE4A-4040-A926-65C73A75C266}.Debug|Any CPU.ActiveCfg = Debug|Any CPU
		{77298E6E-FE4A-4040-A926-65C73A75C266}.Debug|Any CPU.Build.0 = Debug|Any CPU
		{77298E6E-FE4A-4040-A926-65C73A75C266}.Release|Any CPU.ActiveCfg = Release|Any CPU
		{77298E6E-FE4A-4040-A926-65C73A75C266}.Release|Any CPU.Build.0 = Release|Any CPU
		{EEBF4736-F0E7-498C-9B33-AE9E164C0276}.Debug|Any CPU.ActiveCfg = Debug|Any CPU
		{EEBF4736-F0E7-498C-9B33-AE9E164C0276}.Debug|Any CPU.Build.0 = Debug|Any CPU
		{EEBF4736-F0E7-498C-9B33-AE9E164C0276}.Release|Any CPU.ActiveCfg = Release|Any CPU
		{EEBF4736-F0E7-498C-9B33-AE9E164C0276}.Release|Any CPU.Build.0 = Release|Any CPU
		{9F7BD124-6503-4E69-A908-3038CE38EF19}.Debug|Any CPU.ActiveCfg = Debug|Any CPU
		{9F7BD124-6503-4E69-A908-3038CE38EF19}.Debug|Any CPU.Build.0 = Debug|Any CPU
		{9F7BD124-6503-4E69-A908-3038CE38EF19}.Release|Any CPU.ActiveCfg = Release|Any CPU
		{9F7BD124-6503-4E69-A908-3038CE38EF19}.Release|Any CPU.Build.0 = Release|Any CPU
	EndGlobalSection
	GlobalSection(SolutionProperties) = preSolution
		HideSolutionNode = FALSE
	EndGlobalSection
	GlobalSection(NestedProjects) = preSolution
		{D2BC2504-9FE9-4F1C-BA53-ADA4DB3DF772} = {3FA847C9-E766-4B24-AE4A-DA728E1BBD91}
		{45145438-3653-4F51-A0E2-73E7A29DE574} = {D2BC2504-9FE9-4F1C-BA53-ADA4DB3DF772}
		{5F2BCAA0-F562-4092-9816-E2242B800A0F} = {3FA847C9-E766-4B24-AE4A-DA728E1BBD91}
		{9C86CB9D-F086-4475-99F9-6EED53529366} = {5F2BCAA0-F562-4092-9816-E2242B800A0F}
		{676EFCB1-E558-4450-AF3D-8E7E47F75C3C} = {3FA847C9-E766-4B24-AE4A-DA728E1BBD91}
		{023C4B19-B35D-491C-8077-51F1C3630EC7} = {676EFCB1-E558-4450-AF3D-8E7E47F75C3C}
		{77298E6E-FE4A-4040-A926-65C73A75C266} = {5F2BCAA0-F562-4092-9816-E2242B800A0F}
		{15AF737F-15B0-445B-9533-7AB44AB593E6} = {3FA847C9-E766-4B24-AE4A-DA728E1BBD91}
		{EEBF4736-F0E7-498C-9B33-AE9E164C0276} = {15AF737F-15B0-445B-9533-7AB44AB593E6}
		{9F7BD124-6503-4E69-A908-3038CE38EF19} = {15AF737F-15B0-445B-9533-7AB44AB593E6}
	EndGlobalSection
	GlobalSection(ExtensibilityGlobals) = postSolution
		SolutionGuid = {2B29B31C-8762-4E29-8100-FB5304A87623}
	EndGlobalSection
EndGlobal
